
Microsoft Visual Studio Solution File, Format Version 12.00
Project("{FAE04EC0-301F-11D3-BF4B-00C04F79EFBC}") = "WattyPatty", "WattyPatty\WattyPatty.csproj", "{66C2F8CC-29F5-4939-9568-067EFBEBEF4F}"
EndProject
Global
	GlobalSection(SolutionConfigurationPlatforms) = preSolution
		Debug|Any CPU = Debug|Any CPU
		Release|Any CPU = Release|Any CPU
	EndGlobalSection
	GlobalSection(ProjectConfigurationPlatforms) = postSolution
		{66C2F8CC-29F5-4939-9568-067EFBEBEF4F}.Debug|Any CPU.ActiveCfg = Debug|Any CPU
		{66C2F8CC-29F5-4939-9568-067EFBEBEF4F}.Debug|Any CPU.Build.0 = Debug|Any CPU
		{66C2F8CC-29F5-4939-9568-067EFBEBEF4F}.Release|Any CPU.ActiveCfg = Release|Any CPU
		{66C2F8CC-29F5-4939-9568-067EFBEBEF4F}.Release|Any CPU.Build.0 = Release|Any CPU
	EndGlobalSection
EndGlobal
